PODS:
  - UMCCommon (1.5.2)
  - UMCSecurityPlugins (1.0.6)
  - UMCShare/Core (6.9.4):
    - UMCCommon
  - UMCShare/Social/AlipayShare (6.9.4):
    - UMCCommon
    - UMCShare/Core
  - UMCShare/Social/DingDing (6.9.4):
    - UMCCommon
    - UMCShare/Core
  - UMCShare/Social/Douban (6.9.4):
    - UMCCommon
    - UMCShare/Core
  - UMCShare/Social/DropBox (6.9.4):
    - UMCCommon
    - UMCShare/Core
  - UMCShare/Social/Email (6.9.4):
    - UMCCommon
    - UMCShare/Core
  - UMCShare/Social/EverNote (6.9.4):
    - UMCCommon
    - UMCShare/Core
  - UMCShare/Social/Facebook (6.9.4):
    - UMCCommon
    - UMCShare/Core
  - UMCShare/Social/Flickr (6.9.4):
    - UMCCommon
    - UMCShare/Core
  - UMCShare/Social/GooglePlus (6.9.4):
    - UMCCommon
    - UMCShare/Core
  - UMCShare/Social/Instagram (6.9.4):
    - UMCCommon
    - UMCShare/Core
  - UMCShare/Social/Kakao (6.9.4):
    - UMCCommon
    - UMCShare/Core
  - UMCShare/Social/Line (6.9.4):
    - UMCCommon
    - UMCShare/Core
  - UMCShare/Social/Pinterest (6.9.4):
    - UMCCommon
    - UMCShare/Core
  - UMCShare/Social/Pocket (6.9.4):
    - UMCCommon
    - UMCShare/Core
  - UMCShare/Social/QQ (6.9.4):
    - UMCCommon
    - UMCShare/Core
    - UMCShare/Social/ReducedQQ
  - UMCShare/Social/ReducedQQ (6.9.4):
    - UMCCommon
    - UMCShare/Core
  - UMCShare/Social/ReducedSina (6.9.4):
    - UMCCommon
    - UMCShare/Core
  - UMCShare/Social/ReducedWeChat (6.9.4):
    - UMCCommon
    - UMCShare/Core
  - UMCShare/Social/Renren (6.9.4):
    - UMCCommon
    - UMCShare/Core
  - UMCShare/Social/Sina (6.9.4):
    - UMCCommon
    - UMCShare/Core
    - UMCShare/Social/ReducedSina
  - UMCShare/Social/SMS (6.9.4):
    - UMCCommon
    - UMCShare/Core
  - UMCShare/Social/TencentWeibo (6.9.4):
    - UMCCommon
    - UMCShare/Core
  - UMCShare/Social/Tumblr (6.9.4):
    - UMCCommon
    - UMCShare/Core
  - UMCShare/Social/Twitter (6.9.4):
    - UMCCommon
    - UMCShare/Core
  - UMCShare/Social/VKontakte (6.9.4):
    - UMCCommon
    - UMCShare/Core
  - UMCShare/Social/WeChat (6.9.4):
    - UMCCommon
    - UMCShare/Core
    - UMCShare/Social/ReducedWeChat
  - UMCShare/Social/WhatsApp (6.9.4):
    - UMCCommon
    - UMCShare/Core
  - UMCShare/Social/YiXin (6.9.4):
    - UMCCommon
    - UMCShare/Core
  - UMCShare/Social/YouDao (6.9.4):
    - UMCCommon
    - UMCShare/Core
  - UMCShare/UI (6.9.4):
    - UMCCommon
    - UMCShare/Core

DEPENDENCIES:
  - UMCCommon
  - UMCSecurityPlugins
  - UMCShare/Social/AlipayShare
  - UMCShare/Social/DingDing
  - UMCShare/Social/Douban
  - UMCShare/Social/DropBox
  - UMCShare/Social/Email
  - UMCShare/Social/EverNote
  - UMCShare/Social/Facebook
  - UMCShare/Social/Flickr
  - UMCShare/Social/GooglePlus
  - UMCShare/Social/Instagram
  - UMCShare/Social/Kakao
  - UMCShare/Social/Line
  - UMCShare/Social/Pinterest
  - UMCShare/Social/Pocket
  - UMCShare/Social/QQ
  - UMCShare/Social/ReducedQQ
  - UMCShare/Social/ReducedSina
  - UMCShare/Social/ReducedWeChat
  - UMCShare/Social/Renren
  - UMCShare/Social/Sina
  - UMCShare/Social/SMS
  - UMCShare/Social/TencentWeibo
  - UMCShare/Social/Tumblr
  - UMCShare/Social/Twitter
  - UMCShare/Social/VKontakte
  - UMCShare/Social/WeChat
  - UMCShare/Social/WhatsApp
  - UMCShare/Social/YiXin
  - UMCShare/Social/YouDao
  - UMCShare/UI

SPEC REPOS:
  https://github.com/cocoapods/specs.git:
    - UMCCommon
    - UMCSecurityPlugins
    - UMCShare

SPEC CHECKSUMS:
  UMCCommon: 4392868ac47ff1b101663106bb114ba616fabbad
  UMCSecurityPlugins: 0831a08f3988f3cea9f1d3a7626cd9bee4fef150
  UMCShare: aa233aecad67979930fe43f3a2f676023b669439

PODFILE CHECKSUM: 24aad74461e148e9915ee3be1ffea7e259ba7742

COCOAPODS: 1.5.3
