// !$*UTF8*$!
{
	archiveVersion = 1;
	classes = {
	};
	objectVersion = 46;
	objects = {

/* Begin PBXBuildFile section */
		04B4C58A1B60B7150050363F /* main.m in Sources */ = {isa = PBXBuildFile; fileRef = 04B4C5891B60B7150050363F /* main.m */; };
		04B4C58D1B60B7150050363F /* AppDelegate.m in Sources */ = {isa = PBXBuildFile; fileRef = 04B4C58C1B60B7150050363F /* AppDelegate.m */; };
		04B4C5901B60B7150050363F /* ViewController.m in Sources */ = {isa = PBXBuildFile; fileRef = 04B4C58F1B60B7150050363F /* ViewController.m */; };
		04B4C5931B60B7150050363F /* Main.storyboard in Resources */ = {isa = PBXBuildFile; fileRef = 04B4C5911B60B7150050363F /* Main.storyboard */; };
		04B4C5951B60B7150050363F /* Images.xcassets in Resources */ = {isa = PBXBuildFile; fileRef = 04B4C5941B60B7150050363F /* Images.xcassets */; };
		04B4C5981B60B7150050363F /* LaunchScreen.xib in Resources */ = {isa = PBXBuildFile; fileRef = 04B4C5961B60B7150050363F /* LaunchScreen.xib */; };
		04B4C5A41B60B7150050363F /* ShareTest2Tests.m in Sources */ = {isa = PBXBuildFile; fileRef = 04B4C5A31B60B7150050363F /* ShareTest2Tests.m */; };
		04CB1A431B60CBDE0000F5DE /* ImageIO.framework in Frameworks */ = {isa = PBXBuildFile; fileRef = 04CB1A421B60CBDE0000F5DE /* ImageIO.framework */; };
		04CB1A451B60CF320000F5DE /* MobileCoreServices.framework in Frameworks */ = {isa = PBXBuildFile; fileRef = 04CB1A441B60CF320000F5DE /* MobileCoreServices.framework */; };
		04CB1A471B60CF780000F5DE /* Accounts.framework in Frameworks */ = {isa = PBXBuildFile; fileRef = 04CB1A461B60CF780000F5DE /* Accounts.framework */; };
		04CB1A491B60CF810000F5DE /* Social.framework in Frameworks */ = {isa = PBXBuildFile; fileRef = 04CB1A481B60CF810000F5DE /* Social.framework */; };
		04CB1A4B1B60CFA10000F5DE /* OpenGLES.framework in Frameworks */ = {isa = PBXBuildFile; fileRef = 04CB1A4A1B60CFA10000F5DE /* OpenGLES.framework */; };
		04CB1A4D1B60CFAE0000F5DE /* QuartzCore.framework in Frameworks */ = {isa = PBXBuildFile; fileRef = 04CB1A4C1B60CFAE0000F5DE /* QuartzCore.framework */; };
		04CB1A4F1B60CFBE0000F5DE /* Security.framework in Frameworks */ = {isa = PBXBuildFile; fileRef = 04CB1A4E1B60CFBE0000F5DE /* Security.framework */; };
		04CB1A511B60CFCE0000F5DE /* libsqlite3.dylib in Frameworks */ = {isa = PBXBuildFile; fileRef = 04CB1A501B60CFCE0000F5DE /* libsqlite3.dylib */; };
		04CB1A531B60CFD90000F5DE /* libz.dylib in Frameworks */ = {isa = PBXBuildFile; fileRef = 04CB1A521B60CFD90000F5DE /* libz.dylib */; };
		04CB1A551B60CFE90000F5DE /* libstdc++.dylib in Frameworks */ = {isa = PBXBuildFile; fileRef = 04CB1A541B60CFE90000F5DE /* libstdc++.dylib */; };
		04CB1A571B60CFF60000F5DE /* CoreTelephony.framework in Frameworks */ = {isa = PBXBuildFile; fileRef = 04CB1A561B60CFF60000F5DE /* CoreTelephony.framework */; };
		04CB1A591B60CFFD0000F5DE /* CoreGraphics.framework in Frameworks */ = {isa = PBXBuildFile; fileRef = 04CB1A581B60CFFD0000F5DE /* CoreGraphics.framework */; };
		04CB1A5B1B60D00B0000F5DE /* SystemConfiguration.framework in Frameworks */ = {isa = PBXBuildFile; fileRef = 04CB1A5A1B60D00B0000F5DE /* SystemConfiguration.framework */; };
		04CB1A5D1B60D0160000F5DE /* libiconv.dylib in Frameworks */ = {isa = PBXBuildFile; fileRef = 04CB1A5C1B60D0160000F5DE /* libiconv.dylib */; };
		04CB1A5F1B60D0230000F5DE /* UIKit.framework in Frameworks */ = {isa = PBXBuildFile; fileRef = 04CB1A5E1B60D0230000F5DE /* UIKit.framework */; };
		04CB1A611B60D02A0000F5DE /* Foundation.framework in Frameworks */ = {isa = PBXBuildFile; fileRef = 04CB1A601B60D02A0000F5DE /* Foundation.framework */; };
		32BB7629DB3AEAFB0FB075E9 /* libPods-ShareTest2.a in Frameworks */ = {isa = PBXBuildFile; fileRef = 1380BED2E471A83AE691DD18 /* libPods-ShareTest2.a */; };
/* End PBXBuildFile section */

/* Begin PBXContainerItemProxy section */
		04B4C59E1B60B7150050363F /* PBXContainerItemProxy */ = {
			isa = PBXContainerItemProxy;
			containerPortal = 04B4C57C1B60B7150050363F /* Project object */;
			proxyType = 1;
			remoteGlobalIDString = 04B4C5831B60B7150050363F;
			remoteInfo = ShareTest2;
		};
/* End PBXContainerItemProxy section */

/* Begin PBXFileReference section */
		04B4C5841B60B7150050363F /* ShareTest2.app */ = {isa = PBXFileReference; explicitFileType = wrapper.application; includeInIndex = 0; path = ShareTest2.app; sourceTree = BUILT_PRODUCTS_DIR; };
		04B4C5881B60B7150050363F /* Info.plist */ = {isa = PBXFileReference; lastKnownFileType = text.plist.xml; path = Info.plist; sourceTree = "<group>"; };
		04B4C5891B60B7150050363F /* main.m */ = {isa = PBXFileReference; lastKnownFileType = sourcecode.c.objc; path = main.m; sourceTree = "<group>"; };
		04B4C58B1B60B7150050363F /* AppDelegate.h */ = {isa = PBXFileReference; lastKnownFileType = sourcecode.c.h; path = AppDelegate.h; sourceTree = "<group>"; };
		04B4C58C1B60B7150050363F /* AppDelegate.m */ = {isa = PBXFileReference; lastKnownFileType = sourcecode.c.objc; path = AppDelegate.m; sourceTree = "<group>"; };
		04B4C58E1B60B7150050363F /* ViewController.h */ = {isa = PBXFileReference; lastKnownFileType = sourcecode.c.h; path = ViewController.h; sourceTree = "<group>"; };
		04B4C58F1B60B7150050363F /* ViewController.m */ = {isa = PBXFileReference; lastKnownFileType = sourcecode.c.objc; path = ViewController.m; sourceTree = "<group>"; };
		04B4C5921B60B7150050363F /* Base */ = {isa = PBXFileReference; lastKnownFileType = file.storyboard; name = Base; path = Base.lproj/Main.storyboard; sourceTree = "<group>"; };
		04B4C5941B60B7150050363F /* Images.xcassets */ = {isa = PBXFileReference; lastKnownFileType = folder.assetcatalog; path = Images.xcassets; sourceTree = "<group>"; };
		04B4C5971B60B7150050363F /* Base */ = {isa = PBXFileReference; lastKnownFileType = file.xib; name = Base; path = Base.lproj/LaunchScreen.xib; sourceTree = "<group>"; };
		04B4C59D1B60B7150050363F /* ShareTest2Tests.xctest */ = {isa = PBXFileReference; explicitFileType = wrapper.cfbundle; includeInIndex = 0; path = ShareTest2Tests.xctest; sourceTree = BUILT_PRODUCTS_DIR; };
		04B4C5A21B60B7150050363F /* Info.plist */ = {isa = PBXFileReference; lastKnownFileType = text.plist.xml; path = Info.plist; sourceTree = "<group>"; };
		04B4C5A31B60B7150050363F /* ShareTest2Tests.m */ = {isa = PBXFileReference; lastKnownFileType = sourcecode.c.objc; path = ShareTest2Tests.m; sourceTree = "<group>"; };
		04CB1A421B60CBDE0000F5DE /* ImageIO.framework */ = {isa = PBXFileReference; lastKnownFileType = wrapper.framework; name = ImageIO.framework; path = System/Library/Frameworks/ImageIO.framework; sourceTree = SDKROOT; };
		04CB1A441B60CF320000F5DE /* MobileCoreServices.framework */ = {isa = PBXFileReference; lastKnownFileType = wrapper.framework; name = MobileCoreServices.framework; path = System/Library/Frameworks/MobileCoreServices.framework; sourceTree = SDKROOT; };
		04CB1A461B60CF780000F5DE /* Accounts.framework */ = {isa = PBXFileReference; lastKnownFileType = wrapper.framework; name = Accounts.framework; path = System/Library/Frameworks/Accounts.framework; sourceTree = SDKROOT; };
		04CB1A481B60CF810000F5DE /* Social.framework */ = {isa = PBXFileReference; lastKnownFileType = wrapper.framework; name = Social.framework; path = System/Library/Frameworks/Social.framework; sourceTree = SDKROOT; };
		04CB1A4A1B60CFA10000F5DE /* OpenGLES.framework */ = {isa = PBXFileReference; lastKnownFileType = wrapper.framework; name = OpenGLES.framework; path = System/Library/Frameworks/OpenGLES.framework; sourceTree = SDKROOT; };
		04CB1A4C1B60CFAE0000F5DE /* QuartzCore.framework */ = {isa = PBXFileReference; lastKnownFileType = wrapper.framework; name = QuartzCore.framework; path = System/Library/Frameworks/QuartzCore.framework; sourceTree = SDKROOT; };
		04CB1A4E1B60CFBE0000F5DE /* Security.framework */ = {isa = PBXFileReference; lastKnownFileType = wrapper.framework; name = Security.framework; path = System/Library/Frameworks/Security.framework; sourceTree = SDKROOT; };
		04CB1A501B60CFCE0000F5DE /* libsqlite3.dylib */ = {isa = PBXFileReference; lastKnownFileType = "compiled.mach-o.dylib"; name = libsqlite3.dylib; path = usr/lib/libsqlite3.dylib; sourceTree = SDKROOT; };
		04CB1A521B60CFD90000F5DE /* libz.dylib */ = {isa = PBXFileReference; lastKnownFileType = "compiled.mach-o.dylib"; name = libz.dylib; path = usr/lib/libz.dylib; sourceTree = SDKROOT; };
		04CB1A541B60CFE90000F5DE /* libstdc++.dylib */ = {isa = PBXFileReference; lastKnownFileType = "compiled.mach-o.dylib"; name = "libstdc++.dylib"; path = "usr/lib/libstdc++.dylib"; sourceTree = SDKROOT; };
		04CB1A561B60CFF60000F5DE /* CoreTelephony.framework */ = {isa = PBXFileReference; lastKnownFileType = wrapper.framework; name = CoreTelephony.framework; path = System/Library/Frameworks/CoreTelephony.framework; sourceTree = SDKROOT; };
		04CB1A581B60CFFD0000F5DE /* CoreGraphics.framework */ = {isa = PBXFileReference; lastKnownFileType = wrapper.framework; name = CoreGraphics.framework; path = System/Library/Frameworks/CoreGraphics.framework; sourceTree = SDKROOT; };
		04CB1A5A1B60D00B0000F5DE /* SystemConfiguration.framework */ = {isa = PBXFileReference; lastKnownFileType = wrapper.framework; name = SystemConfiguration.framework; path = System/Library/Frameworks/SystemConfiguration.framework; sourceTree = SDKROOT; };
		04CB1A5C1B60D0160000F5DE /* libiconv.dylib */ = {isa = PBXFileReference; lastKnownFileType = "compiled.mach-o.dylib"; name = libiconv.dylib; path = usr/lib/libiconv.dylib; sourceTree = SDKROOT; };
		04CB1A5E1B60D0230000F5DE /* UIKit.framework */ = {isa = PBXFileReference; lastKnownFileType = wrapper.framework; name = UIKit.framework; path = System/Library/Frameworks/UIKit.framework; sourceTree = SDKROOT; };
		04CB1A601B60D02A0000F5DE /* Foundation.framework */ = {isa = PBXFileReference; lastKnownFileType = wrapper.framework; name = Foundation.framework; path = System/Library/Frameworks/Foundation.framework; sourceTree = SDKROOT; };
		1380BED2E471A83AE691DD18 /* libPods-ShareTest2.a */ = {isa = PBXFileReference; explicitFileType = archive.ar; includeInIndex = 0; path = "libPods-ShareTest2.a"; sourceTree = BUILT_PRODUCTS_DIR; };
		B59C13530D0F7AD016AC7369 /* Pods-ShareTest2.debug.xcconfig */ = {isa = PBXFileReference; includeInIndex = 1; lastKnownFileType = text.xcconfig; name = "Pods-ShareTest2.debug.xcconfig"; path = "Pods/Target Support Files/Pods-ShareTest2/Pods-ShareTest2.debug.xcconfig"; sourceTree = "<group>"; };
		E7800A988256D68E3F8856CD /* Pods-ShareTest2.release.xcconfig */ = {isa = PBXFileReference; includeInIndex = 1; lastKnownFileType = text.xcconfig; name = "Pods-ShareTest2.release.xcconfig"; path = "Pods/Target Support Files/Pods-ShareTest2/Pods-ShareTest2.release.xcconfig"; sourceTree = "<group>"; };
/* End PBXFileReference section */

/* Begin PBXFrameworksBuildPhase section */
		04B4C5811B60B7150050363F /* Frameworks */ = {
			isa = PBXFrameworksBuildPhase;
			buildActionMask = 2147483647;
			files = (
				04CB1A611B60D02A0000F5DE /* Foundation.framework in Frameworks */,
				04CB1A5F1B60D0230000F5DE /* UIKit.framework in Frameworks */,
				04CB1A5D1B60D0160000F5DE /* libiconv.dylib in Frameworks */,
				04CB1A5B1B60D00B0000F5DE /* SystemConfiguration.framework in Frameworks */,
				04CB1A591B60CFFD0000F5DE /* CoreGraphics.framework in Frameworks */,
				04CB1A571B60CFF60000F5DE /* CoreTelephony.framework in Frameworks */,
				04CB1A551B60CFE90000F5DE /* libstdc++.dylib in Frameworks */,
				04CB1A531B60CFD90000F5DE /* libz.dylib in Frameworks */,
				04CB1A511B60CFCE0000F5DE /* libsqlite3.dylib in Frameworks */,
				04CB1A4F1B60CFBE0000F5DE /* Security.framework in Frameworks */,
				04CB1A4D1B60CFAE0000F5DE /* QuartzCore.framework in Frameworks */,
				04CB1A4B1B60CFA10000F5DE /* OpenGLES.framework in Frameworks */,
				04CB1A491B60CF810000F5DE /* Social.framework in Frameworks */,
				04CB1A471B60CF780000F5DE /* Accounts.framework in Frameworks */,
				04CB1A451B60CF320000F5DE /* MobileCoreServices.framework in Frameworks */,
				04CB1A431B60CBDE0000F5DE /* ImageIO.framework in Frameworks */,
				32BB7629DB3AEAFB0FB075E9 /* libPods-ShareTest2.a in Frameworks */,
			);
			runOnlyForDeploymentPostprocessing = 0;
		};
		04B4C59A1B60B7150050363F /* Frameworks */ = {
			isa = PBXFrameworksBuildPhase;
			buildActionMask = 2147483647;
			files = (
			);
			runOnlyForDeploymentPostprocessing = 0;
		};
/* End PBXFrameworksBuildPhase section */

/* Begin PBXGroup section */
		04B4C57B1B60B7150050363F = {
			isa = PBXGroup;
			children = (
				04B4C5861B60B7150050363F /* ShareTest2 */,
				04B4C5A01B60B7150050363F /* ShareTest2Tests */,
				04B4C5851B60B7150050363F /* Products */,
				04CB1A621B60D08F0000F5DE /* Frameworks */,
				C2600A682A404A0F8D06ABAA /* Pods */,
			);
			sourceTree = "<group>";
		};
		04B4C5851B60B7150050363F /* Products */ = {
			isa = PBXGroup;
			children = (
				04B4C5841B60B7150050363F /* ShareTest2.app */,
				04B4C59D1B60B7150050363F /* ShareTest2Tests.xctest */,
			);
			name = Products;
			sourceTree = "<group>";
		};
		04B4C5861B60B7150050363F /* ShareTest2 */ = {
			isa = PBXGroup;
			children = (
				04B4C58B1B60B7150050363F /* AppDelegate.h */,
				04B4C58C1B60B7150050363F /* AppDelegate.m */,
				04B4C58E1B60B7150050363F /* ViewController.h */,
				04B4C58F1B60B7150050363F /* ViewController.m */,
				04B4C5911B60B7150050363F /* Main.storyboard */,
				04B4C5941B60B7150050363F /* Images.xcassets */,
				04B4C5961B60B7150050363F /* LaunchScreen.xib */,
				04B4C5871B60B7150050363F /* Supporting Files */,
			);
			path = ShareTest2;
			sourceTree = "<group>";
		};
		04B4C5871B60B7150050363F /* Supporting Files */ = {
			isa = PBXGroup;
			children = (
				04B4C5881B60B7150050363F /* Info.plist */,
				04B4C5891B60B7150050363F /* main.m */,
			);
			name = "Supporting Files";
			sourceTree = "<group>";
		};
		04B4C5A01B60B7150050363F /* ShareTest2Tests */ = {
			isa = PBXGroup;
			children = (
				04B4C5A31B60B7150050363F /* ShareTest2Tests.m */,
				04B4C5A11B60B7150050363F /* Supporting Files */,
			);
			path = ShareTest2Tests;
			sourceTree = "<group>";
		};
		04B4C5A11B60B7150050363F /* Supporting Files */ = {
			isa = PBXGroup;
			children = (
				04B4C5A21B60B7150050363F /* Info.plist */,
			);
			name = "Supporting Files";
			sourceTree = "<group>";
		};
		04CB1A621B60D08F0000F5DE /* Frameworks */ = {
			isa = PBXGroup;
			children = (
				04CB1A601B60D02A0000F5DE /* Foundation.framework */,
				04CB1A5E1B60D0230000F5DE /* UIKit.framework */,
				04CB1A5C1B60D0160000F5DE /* libiconv.dylib */,
				04CB1A5A1B60D00B0000F5DE /* SystemConfiguration.framework */,
				04CB1A581B60CFFD0000F5DE /* CoreGraphics.framework */,
				04CB1A561B60CFF60000F5DE /* CoreTelephony.framework */,
				04CB1A541B60CFE90000F5DE /* libstdc++.dylib */,
				04CB1A521B60CFD90000F5DE /* libz.dylib */,
				04CB1A501B60CFCE0000F5DE /* libsqlite3.dylib */,
				04CB1A4E1B60CFBE0000F5DE /* Security.framework */,
				04CB1A4C1B60CFAE0000F5DE /* QuartzCore.framework */,
				04CB1A4A1B60CFA10000F5DE /* OpenGLES.framework */,
				04CB1A481B60CF810000F5DE /* Social.framework */,
				04CB1A461B60CF780000F5DE /* Accounts.framework */,
				04CB1A441B60CF320000F5DE /* MobileCoreServices.framework */,
				04CB1A421B60CBDE0000F5DE /* ImageIO.framework */,
				1380BED2E471A83AE691DD18 /* libPods-ShareTest2.a */,
			);
			name = Frameworks;
			sourceTree = "<group>";
		};
		C2600A682A404A0F8D06ABAA /* Pods */ = {
			isa = PBXGroup;
			children = (
				B59C13530D0F7AD016AC7369 /* Pods-ShareTest2.debug.xcconfig */,
				E7800A988256D68E3F8856CD /* Pods-ShareTest2.release.xcconfig */,
			);
			name = Pods;
			sourceTree = "<group>";
		};
/* End PBXGroup section */

/* Begin PBXNativeTarget section */
		04B4C5831B60B7150050363F /* ShareTest2 */ = {
			isa = PBXNativeTarget;
			buildConfigurationList = 04B4C5A71B60B7150050363F /* Build configuration list for PBXNativeTarget "ShareTest2" */;
			buildPhases = (
				E7B7AE237802950C1DABF47E /* [CP] Check Pods Manifest.lock */,
				04B4C5801B60B7150050363F /* Sources */,
				04B4C5811B60B7150050363F /* Frameworks */,
				04B4C5821B60B7150050363F /* Resources */,
				8AE6FF749EDA0DA07724E5C1 /* [CP] Copy Pods Resources */,
			);
			buildRules = (
			);
			dependencies = (
			);
			name = ShareTest2;
			productName = ShareTest2;
			productReference = 04B4C5841B60B7150050363F /* ShareTest2.app */;
			productType = "com.apple.product-type.application";
		};
		04B4C59C1B60B7150050363F /* ShareTest2Tests */ = {
			isa = PBXNativeTarget;
			buildConfigurationList = 04B4C5AA1B60B7150050363F /* Build configuration list for PBXNativeTarget "ShareTest2Tests" */;
			buildPhases = (
				04B4C5991B60B7150050363F /* Sources */,
				04B4C59A1B60B7150050363F /* Frameworks */,
				04B4C59B1B60B7150050363F /* Resources */,
			);
			buildRules = (
			);
			dependencies = (
				04B4C59F1B60B7150050363F /* PBXTargetDependency */,
			);
			name = ShareTest2Tests;
			productName = ShareTest2Tests;
			productReference = 04B4C59D1B60B7150050363F /* ShareTest2Tests.xctest */;
			productType = "com.apple.product-type.bundle.unit-test";
		};
/* End PBXNativeTarget section */

/* Begin PBXProject section */
		04B4C57C1B60B7150050363F /* Project object */ = {
			isa = PBXProject;
			attributes = {
				LastUpgradeCheck = 0630;
				ORGANIZATIONNAME = "sheng qing";
				TargetAttributes = {
					04B4C5831B60B7150050363F = {
						CreatedOnToolsVersion = 6.3.2;
					};
					04B4C59C1B60B7150050363F = {
						CreatedOnToolsVersion = 6.3.2;
						TestTargetID = 04B4C5831B60B7150050363F;
					};
				};
			};
			buildConfigurationList = 04B4C57F1B60B7150050363F /* Build configuration list for PBXProject "ShareTest2" */;
			compatibilityVersion = "Xcode 3.2";
			developmentRegion = English;
			hasScannedForEncodings = 0;
			knownRegions = (
				en,
				Base,
				"zh-Hans",
			);
			mainGroup = 04B4C57B1B60B7150050363F;
			productRefGroup = 04B4C5851B60B7150050363F /* Products */;
			projectDirPath = "";
			projectRoot = "";
			targets = (
				04B4C5831B60B7150050363F /* ShareTest2 */,
				04B4C59C1B60B7150050363F /* ShareTest2Tests */,
			);
		};
/* End PBXProject section */

/* Begin PBXResourcesBuildPhase section */
		04B4C5821B60B7150050363F /* Resources */ = {
			isa = PBXResourcesBuildPhase;
			buildActionMask = 2147483647;
			files = (
				04B4C5931B60B7150050363F /* Main.storyboard in Resources */,
				04B4C5981B60B7150050363F /* LaunchScreen.xib in Resources */,
				04B4C5951B60B7150050363F /* Images.xcassets in Resources */,
			);
			runOnlyForDeploymentPostprocessing = 0;
		};
		04B4C59B1B60B7150050363F /* Resources */ = {
			isa = PBXResourcesBuildPhase;
			buildActionMask = 2147483647;
			files = (
			);
			runOnlyForDeploymentPostprocessing = 0;
		};
/* End PBXResourcesBuildPhase section */

/* Begin PBXShellScriptBuildPhase section */
		8AE6FF749EDA0DA07724E5C1 /* [CP] Copy Pods Resources */ = {
			isa = PBXShellScriptBuildPhase;
			buildActionMask = 2147483647;
			files = (
			);
			inputPaths = (
				"${SRCROOT}/Pods/Target Support Files/Pods-ShareTest2/Pods-ShareTest2-resources.sh",
				"${PODS_ROOT}/UMCShare/UMShare/SocialLibraries/Sina/SinaSDK/WeiboSDK.bundle",
				"${PODS_ROOT}/UMCShare/UMShare/SocialLibraries/Twitter/TwitterKitResources.bundle",
				"${PODS_ROOT}/UMCShare/UMShare/SocialLibraries/Twitter/TwitterShareExtensionUIResources.bundle",
				"${PODS_ROOT}/UMCShare/UMShare/UMSocialUI/UMSocialSDKResources.bundle",
			);
			name = "[CP] Copy Pods Resources";
			outputPaths = (
				"${TARGET_BUILD_DIR}/${UNLOCALIZED_RESOURCES_FOLDER_PATH}/WeiboSDK.bundle",
				"${TARGET_BUILD_DIR}/${UNLOCALIZED_RESOURCES_FOLDER_PATH}/TwitterKitResources.bundle",
				"${TARGET_BUILD_DIR}/${UNLOCALIZED_RESOURCES_FOLDER_PATH}/TwitterShareExtensionUIResources.bundle",
				"${TARGET_BUILD_DIR}/${UNLOCALIZED_RESOURCES_FOLDER_PATH}/UMSocialSDKResources.bundle",
			);
			runOnlyForDeploymentPostprocessing = 0;
			shellPath = /bin/sh;
			shellScript = "\"${SRCROOT}/Pods/Target Support Files/Pods-ShareTest2/Pods-ShareTest2-resources.sh\"\n";
			showEnvVarsInLog = 0;
		};
		E7B7AE237802950C1DABF47E /* [CP] Check Pods Manifest.lock */ = {
			isa = PBXShellScriptBuildPhase;
			buildActionMask = 2147483647;
			files = (
			);
			inputPaths = (
				"${PODS_PODFILE_DIR_PATH}/Podfile.lock",
				"${PODS_ROOT}/Manifest.lock",
			);
			name = "[CP] Check Pods Manifest.lock";
			outputPaths = (
				"$(DERIVED_FILE_DIR)/Pods-ShareTest2-checkManifestLockResult.txt",
			);
			runOnlyForDeploymentPostprocessing = 0;
			shellPath = /bin/sh;
			shellScript = "diff \"${PODS_PODFILE_DIR_PATH}/Podfile.lock\" \"${PODS_ROOT}/Manifest.lock\" > /dev/null\nif [ $? != 0 ] ; then\n    # print error to STDERR\n    echo \"error: The sandbox is not in sync with the Podfile.lock. Run 'pod install' or update your CocoaPods installation.\" >&2\n    exit 1\nfi\n# This output is used by Xcode 'outputs' to avoid re-running this script phase.\necho \"SUCCESS\" > \"${SCRIPT_OUTPUT_FILE_0}\"\n";
			showEnvVarsInLog = 0;
		};
/* End PBXShellScriptBuildPhase section */

/* Begin PBXSourcesBuildPhase section */
		04B4C5801B60B7150050363F /* Sources */ = {
			isa = PBXSourcesBuildPhase;
			buildActionMask = 2147483647;
			files = (
				04B4C5901B60B7150050363F /* ViewController.m in Sources */,
				04B4C58D1B60B7150050363F /* AppDelegate.m in Sources */,
				04B4C58A1B60B7150050363F /* main.m in Sources */,
			);
			runOnlyForDeploymentPostprocessing = 0;
		};
		04B4C5991B60B7150050363F /* Sources */ = {
			isa = PBXSourcesBuildPhase;
			buildActionMask = 2147483647;
			files = (
				04B4C5A41B60B7150050363F /* ShareTest2Tests.m in Sources */,
			);
			runOnlyForDeploymentPostprocessing = 0;
		};
/* End PBXSourcesBuildPhase section */

/* Begin PBXTargetDependency section */
		04B4C59F1B60B7150050363F /* PBXTargetDependency */ = {
			isa = PBXTargetDependency;
			target = 04B4C5831B60B7150050363F /* ShareTest2 */;
			targetProxy = 04B4C59E1B60B7150050363F /* PBXContainerItemProxy */;
		};
/* End PBXTargetDependency section */

/* Begin PBXVariantGroup section */
		04B4C5911B60B7150050363F /* Main.storyboard */ = {
			isa = PBXVariantGroup;
			children = (
				04B4C5921B60B7150050363F /* Base */,
			);
			name = Main.storyboard;
			sourceTree = "<group>";
		};
		04B4C5961B60B7150050363F /* LaunchScreen.xib */ = {
			isa = PBXVariantGroup;
			children = (
				04B4C5971B60B7150050363F /* Base */,
			);
			name = LaunchScreen.xib;
			sourceTree = "<group>";
		};
/* End PBXVariantGroup section */

/* Begin XCBuildConfiguration section */
		04B4C5A51B60B7150050363F /* Debug */ = {
			isa = XCBuildConfiguration;
			buildSettings = {
				ALWAYS_SEARCH_USER_PATHS = NO;
				CLANG_CXX_LANGUAGE_STANDARD = "gnu++0x";
				CLANG_CXX_LIBRARY = "libc++";
				CLANG_ENABLE_MODULES = YES;
				CLANG_ENABLE_OBJC_ARC = YES;
				CLANG_WARN_BOOL_CONVERSION = YES;
				CLANG_WARN_CONSTANT_CONVERSION = YES;
				CLANG_WARN_DIRECT_OBJC_ISA_USAGE = YES_ERROR;
				CLANG_WARN_EMPTY_BODY = YES;
				CLANG_WARN_ENUM_CONVERSION = YES;
				CLANG_WARN_INT_CONVERSION = YES;
				CLANG_WARN_OBJC_ROOT_CLASS = YES_ERROR;
				CLANG_WARN_UNREACHABLE_CODE = YES;
				CLANG_WARN__DUPLICATE_METHOD_MATCH = YES;
				"CODE_SIGN_IDENTITY[sdk=iphoneos*]" = "iPhone Developer";
				COPY_PHASE_STRIP = NO;
				DEBUG_INFORMATION_FORMAT = "dwarf-with-dsym";
				ENABLE_STRICT_OBJC_MSGSEND = YES;
				GCC_C_LANGUAGE_STANDARD = gnu99;
				GCC_DYNAMIC_NO_PIC = NO;
				GCC_NO_COMMON_BLOCKS = YES;
				GCC_OPTIMIZATION_LEVEL = 0;
				GCC_PREPROCESSOR_DEFINITIONS = (
					"DEBUG=1",
					"$(inherited)",
				);
				GCC_SYMBOLS_PRIVATE_EXTERN = NO;
				GCC_WARN_64_TO_32_BIT_CONVERSION = YES;
				GCC_WARN_ABOUT_RETURN_TYPE = YES_ERROR;
				GCC_WARN_UNDECLARED_SELECTOR = YES;
				GCC_WARN_UNINITIALIZED_AUTOS = YES_AGGRESSIVE;
				GCC_WARN_UNUSED_FUNCTION = YES;
				GCC_WARN_UNUSED_VARIABLE = YES;
				IPHONEOS_DEPLOYMENT_TARGET = 8.3;
				MTL_ENABLE_DEBUG_INFO = YES;
				ONLY_ACTIVE_ARCH = YES;
				SDKROOT = iphoneos;
			};
			name = Debug;
		};
		04B4C5A61B60B7150050363F /* Release */ = {
			isa = XCBuildConfiguration;
			buildSettings = {
				ALWAYS_SEARCH_USER_PATHS = NO;
				CLANG_CXX_LANGUAGE_STANDARD = "gnu++0x";
				CLANG_CXX_LIBRARY = "libc++";
				CLANG_ENABLE_MODULES = YES;
				CLANG_ENABLE_OBJC_ARC = YES;
				CLANG_WARN_BOOL_CONVERSION = YES;
				CLANG_WARN_CONSTANT_CONVERSION = YES;
				CLANG_WARN_DIRECT_OBJC_ISA_USAGE = YES_ERROR;
				CLANG_WARN_EMPTY_BODY = YES;
				CLANG_WARN_ENUM_CONVERSION = YES;
				CLANG_WARN_INT_CONVERSION = YES;
				CLANG_WARN_OBJC_ROOT_CLASS = YES_ERROR;
				CLANG_WARN_UNREACHABLE_CODE = YES;
				CLANG_WARN__DUPLICATE_METHOD_MATCH = YES;
				"CODE_SIGN_IDENTITY[sdk=iphoneos*]" = "iPhone Developer";
				COPY_PHASE_STRIP = NO;
				DEBUG_INFORMATION_FORMAT = "dwarf-with-dsym";
				ENABLE_NS_ASSERTIONS = NO;
				ENABLE_STRICT_OBJC_MSGSEND = YES;
				GCC_C_LANGUAGE_STANDARD = gnu99;
				GCC_NO_COMMON_BLOCKS = YES;
				GCC_WARN_64_TO_32_BIT_CONVERSION = YES;
				GCC_WARN_ABOUT_RETURN_TYPE = YES_ERROR;
				GCC_WARN_UNDECLARED_SELECTOR = YES;
				GCC_WARN_UNINITIALIZED_AUTOS = YES_AGGRESSIVE;
				GCC_WARN_UNUSED_FUNCTION = YES;
				GCC_WARN_UNUSED_VARIABLE = YES;
				IPHONEOS_DEPLOYMENT_TARGET = 8.3;
				MTL_ENABLE_DEBUG_INFO = NO;
				SDKROOT = iphoneos;
				VALIDATE_PRODUCT = YES;
			};
			name = Release;
		};
		04B4C5A81B60B7150050363F /* Debug */ = {
			isa = XCBuildConfiguration;
			baseConfigurationReference = B59C13530D0F7AD016AC7369 /* Pods-ShareTest2.debug.xcconfig */;
			buildSettings = {
				ARCHS = "$(ARCHS_STANDARD)";
				ASSETCATALOG_COMPILER_APPICON_NAME = AppIcon;
				FRAMEWORK_SEARCH_PATHS = (
					"$(inherited)",
					"$(PROJECT_DIR)/ShareTest2/UMSocial_Sdk_Extra_Frameworks/TencentOpenAPI",
				);
				INFOPLIST_FILE = ShareTest2/Info.plist;
				IPHONEOS_DEPLOYMENT_TARGET = 8.0;
				LD_RUNPATH_SEARCH_PATHS = "$(inherited) @executable_path/Frameworks";
				LIBRARY_SEARCH_PATHS = (
					"$(inherited)",
					"$(PROJECT_DIR)/ShareTest2/UMSocial_Sdk_4.2.3",
					"$(PROJECT_DIR)/ShareTest2/UMSocial_Sdk_Extra_Frameworks/TencentOpenAPI",
					"$(PROJECT_DIR)/ShareTest2/UMSocial_Sdk_Extra_Frameworks/Wechat",
				);
				PRODUCT_NAME = "$(TARGET_NAME)";
				VALID_ARCHS = "arm64 armv7 armv7s x86 x86_64";
			};
			name = Debug;
		};
		04B4C5A91B60B7150050363F /* Release */ = {
			isa = XCBuildConfiguration;
			baseConfigurationReference = E7800A988256D68E3F8856CD /* Pods-ShareTest2.release.xcconfig */;
			buildSettings = {
				ARCHS = "$(ARCHS_STANDARD)";
				ASSETCATALOG_COMPILER_APPICON_NAME = AppIcon;
				FRAMEWORK_SEARCH_PATHS = (
					"$(inherited)",
					"$(PROJECT_DIR)/ShareTest2/UMSocial_Sdk_Extra_Frameworks/TencentOpenAPI",
				);
				INFOPLIST_FILE = ShareTest2/Info.plist;
				IPHONEOS_DEPLOYMENT_TARGET = 8.0;
				LD_RUNPATH_SEARCH_PATHS = "$(inherited) @executable_path/Frameworks";
				LIBRARY_SEARCH_PATHS = (
					"$(inherited)",
					"$(PROJECT_DIR)/ShareTest2/UMSocial_Sdk_4.2.3",
					"$(PROJECT_DIR)/ShareTest2/UMSocial_Sdk_Extra_Frameworks/TencentOpenAPI",
					"$(PROJECT_DIR)/ShareTest2/UMSocial_Sdk_Extra_Frameworks/Wechat",
				);
				PRODUCT_NAME = "$(TARGET_NAME)";
				VALID_ARCHS = "arm64 armv7 armv7s x86 x86_64";
			};
			name = Release;
		};
		04B4C5AB1B60B7150050363F /* Debug */ = {
			isa = XCBuildConfiguration;
			buildSettings = {
				BUNDLE_LOADER = "$(TEST_HOST)";
				FRAMEWORK_SEARCH_PATHS = (
					"$(SDKROOT)/Developer/Library/Frameworks",
					"$(inherited)",
				);
				GCC_PREPROCESSOR_DEFINITIONS = (
					"DEBUG=1",
					"$(inherited)",
				);
				INFOPLIST_FILE = ShareTest2Tests/Info.plist;
				LD_RUNPATH_SEARCH_PATHS = "$(inherited) @executable_path/Frameworks @loader_path/Frameworks";
				PRODUCT_NAME = "$(TARGET_NAME)";
				TEST_HOST = "$(BUILT_PRODUCTS_DIR)/ShareTest2.app/ShareTest2";
			};
			name = Debug;
		};
		04B4C5AC1B60B7150050363F /* Release */ = {
			isa = XCBuildConfiguration;
			buildSettings = {
				BUNDLE_LOADER = "$(TEST_HOST)";
				FRAMEWORK_SEARCH_PATHS = (
					"$(SDKROOT)/Developer/Library/Frameworks",
					"$(inherited)",
				);
				INFOPLIST_FILE = ShareTest2Tests/Info.plist;
				LD_RUNPATH_SEARCH_PATHS = "$(inherited) @executable_path/Frameworks @loader_path/Frameworks";
				PRODUCT_NAME = "$(TARGET_NAME)";
				TEST_HOST = "$(BUILT_PRODUCTS_DIR)/ShareTest2.app/ShareTest2";
			};
			name = Release;
		};
/* End XCBuildConfiguration section */

/* Begin XCConfigurationList section */
		04B4C57F1B60B7150050363F /* Build configuration list for PBXProject "ShareTest2" */ = {
			isa = XCConfigurationList;
			buildConfigurations = (
				04B4C5A51B60B7150050363F /* Debug */,
				04B4C5A61B60B7150050363F /* Release */,
			);
			defaultConfigurationIsVisible = 0;
			defaultConfigurationName = Release;
		};
		04B4C5A71B60B7150050363F /* Build configuration list for PBXNativeTarget "ShareTest2" */ = {
			isa = XCConfigurationList;
			buildConfigurations = (
				04B4C5A81B60B7150050363F /* Debug */,
				04B4C5A91B60B7150050363F /* Release */,
			);
			defaultConfigurationIsVisible = 0;
			defaultConfigurationName = Release;
		};
		04B4C5AA1B60B7150050363F /* Build configuration list for PBXNativeTarget "ShareTest2Tests" */ = {
			isa = XCConfigurationList;
			buildConfigurations = (
				04B4C5AB1B60B7150050363F /* Debug */,
				04B4C5AC1B60B7150050363F /* Release */,
			);
			defaultConfigurationIsVisible = 0;
			defaultConfigurationName = Release;
		};
/* End XCConfigurationList section */
	};
	rootObject = 04B4C57C1B60B7150050363F /* Project object */;
}
