// !$*UTF8*$!
{
	archiveVersion = 1;
	classes = {
	};
	objectVersion = 46;
	objects = {

/* Begin PBXBuildFile section */
		047375081B49384B0090800C /* AppDelegate.swift in Sources */ = {isa = PBXBuildFile; fileRef = 047375071B49384B0090800C /* AppDelegate.swift */; };
		0473750A1B49384B0090800C /* ViewController.swift in Sources */ = {isa = PBXBuildFile; fileRef = 047375091B49384B0090800C /* ViewController.swift */; };
		0473750D1B49384B0090800C /* Main.storyboard in Resources */ = {isa = PBXBuildFile; fileRef = 0473750B1B49384B0090800C /* Main.storyboard */; };
		0473750F1B49384B0090800C /* Images.xcassets in Resources */ = {isa = PBXBuildFile; fileRef = 0473750E1B49384B0090800C /* Images.xcassets */; };
		047375121B49384B0090800C /* LaunchScreen.xib in Resources */ = {isa = PBXBuildFile; fileRef = 047375101B49384B0090800C /* LaunchScreen.xib */; };
		0473751E1B49384B0090800C /* TestTests.swift in Sources */ = {isa = PBXBuildFile; fileRef = 0473751D1B49384B0090800C /* TestTests.swift */; };
/* End PBXBuildFile section */

/* Begin PBXContainerItemProxy section */
		047375181B49384B0090800C /* PBXContainerItemProxy */ = {
			isa = PBXContainerItemProxy;
			containerPortal = 047374FA1B49384A0090800C /* Project object */;
			proxyType = 1;
			remoteGlobalIDString = 047375011B49384B0090800C;
			remoteInfo = Test;
		};
/* End PBXContainerItemProxy section */

/* Begin PBXFileReference section */
		047375021B49384B0090800C /* Test.app */ = {isa = PBXFileReference; explicitFileType = wrapper.application; includeInIndex = 0; path = Test.app; sourceTree = BUILT_PRODUCTS_DIR; };
		047375061B49384B0090800C /* Info.plist */ = {isa = PBXFileReference; lastKnownFileType = text.plist.xml; path = Info.plist; sourceTree = "<group>"; };
		047375071B49384B0090800C /* AppDelegate.swift */ = {isa = PBXFileReference; lastKnownFileType = sourcecode.swift; path = AppDelegate.swift; sourceTree = "<group>"; };
		047375091B49384B0090800C /* ViewController.swift */ = {isa = PBXFileReference; lastKnownFileType = sourcecode.swift; path = ViewController.swift; sourceTree = "<group>"; };
		0473750C1B49384B0090800C /* Base */ = {isa = PBXFileReference; lastKnownFileType = file.storyboard; name = Base; path = Base.lproj/Main.storyboard; sourceTree = "<group>"; };
		0473750E1B49384B0090800C /* Images.xcassets */ = {isa = PBXFileReference; lastKnownFileType = folder.assetcatalog; path = Images.xcassets; sourceTree = "<group>"; };
		047375111B49384B0090800C /* Base */ = {isa = PBXFileReference; lastKnownFileType = file.xib; name = Base; path = Base.lproj/LaunchScreen.xib; sourceTree = "<group>"; };
		047375171B49384B0090800C /* TestTests.xctest */ = {isa = PBXFileReference; explicitFileType = wrapper.cfbundle; includeInIndex = 0; path = TestTests.xctest; sourceTree = BUILT_PRODUCTS_DIR; };
		0473751C1B49384B0090800C /* Info.plist */ = {isa = PBXFileReference; lastKnownFileType = text.plist.xml; path = Info.plist; sourceTree = "<group>"; };
		0473751D1B49384B0090800C /* TestTests.swift */ = {isa = PBXFileReference; lastKnownFileType = sourcecode.swift; path = TestTests.swift; sourceTree = "<group>"; };
/* End PBXFileReference section */

/* Begin PBXFrameworksBuildPhase section */
		047374FF1B49384B0090800C /* Frameworks */ = {
			isa = PBXFrameworksBuildPhase;
			buildActionMask = 2147483647;
			files = (
			);
			runOnlyForDeploymentPostprocessing = 0;
		};
		047375141B49384B0090800C /* Frameworks */ = {
			isa = PBXFrameworksBuildPhase;
			buildActionMask = 2147483647;
			files = (
			);
			runOnlyForDeploymentPostprocessing = 0;
		};
/* End PBXFrameworksBuildPhase section */

/* Begin PBXGroup section */
		047374F91B49384A0090800C = {
			isa = PBXGroup;
			children = (
				047375041B49384B0090800C /* Test */,
				0473751A1B49384B0090800C /* TestTests */,
				047375031B49384B0090800C /* Products */,
			);
			sourceTree = "<group>";
		};
		047375031B49384B0090800C /* Products */ = {
			isa = PBXGroup;
			children = (
				047375021B49384B0090800C /* Test.app */,
				047375171B49384B0090800C /* TestTests.xctest */,
			);
			name = Products;
			sourceTree = "<group>";
		};
		047375041B49384B0090800C /* Test */ = {
			isa = PBXGroup;
			children = (
				047375071B49384B0090800C /* AppDelegate.swift */,
				047375091B49384B0090800C /* ViewController.swift */,
				0473750B1B49384B0090800C /* Main.storyboard */,
				0473750E1B49384B0090800C /* Images.xcassets */,
				047375101B49384B0090800C /* LaunchScreen.xib */,
				047375051B49384B0090800C /* Supporting Files */,
			);
			path = Test;
			sourceTree = "<group>";
		};
		047375051B49384B0090800C /* Supporting Files */ = {
			isa = PBXGroup;
			children = (
				047375061B49384B0090800C /* Info.plist */,
			);
			name = "Supporting Files";
			sourceTree = "<group>";
		};
		0473751A1B49384B0090800C /* TestTests */ = {
			isa = PBXGroup;
			children = (
				0473751D1B49384B0090800C /* TestTests.swift */,
				0473751B1B49384B0090800C /* Supporting Files */,
			);
			path = TestTests;
			sourceTree = "<group>";
		};
		0473751B1B49384B0090800C /* Supporting Files */ = {
			isa = PBXGroup;
			children = (
				0473751C1B49384B0090800C /* Info.plist */,
			);
			name = "Supporting Files";
			sourceTree = "<group>";
		};
/* End PBXGroup section */

/* Begin PBXNativeTarget section */
		047375011B49384B0090800C /* Test */ = {
			isa = PBXNativeTarget;
			buildConfigurationList = 047375211B49384B0090800C /* Build configuration list for PBXNativeTarget "Test" */;
			buildPhases = (
				047374FE1B49384B0090800C /* Sources */,
				047374FF1B49384B0090800C /* Frameworks */,
				047375001B49384B0090800C /* Resources */,
			);
			buildRules = (
			);
			dependencies = (
			);
			name = Test;
			productName = Test;
			productReference = 047375021B49384B0090800C /* Test.app */;
			productType = "com.apple.product-type.application";
		};
		047375161B49384B0090800C /* TestTests */ = {
			isa = PBXNativeTarget;
			buildConfigurationList = 047375241B49384B0090800C /* Build configuration list for PBXNativeTarget "TestTests" */;
			buildPhases = (
				047375131B49384B0090800C /* Sources */,
				047375141B49384B0090800C /* Frameworks */,
				047375151B49384B0090800C /* Resources */,
			);
			buildRules = (
			);
			dependencies = (
				047375191B49384B0090800C /* PBXTargetDependency */,
			);
			name = TestTests;
			productName = TestTests;
			productReference = 047375171B49384B0090800C /* TestTests.xctest */;
			productType = "com.apple.product-type.bundle.unit-test";
		};
/* End PBXNativeTarget section */

/* Begin PBXProject section */
		047374FA1B49384A0090800C /* Project object */ = {
			isa = PBXProject;
			attributes = {
				LastUpgradeCheck = 0640;
				ORGANIZATIONNAME = "Sheng Qing";
				TargetAttributes = {
					047375011B49384B0090800C = {
						CreatedOnToolsVersion = 6.4;
						DevelopmentTeam = 86JGV3DUZ6;
					};
					047375161B49384B0090800C = {
						CreatedOnToolsVersion = 6.4;
						TestTargetID = 047375011B49384B0090800C;
					};
				};
			};
			buildConfigurationList = 047374FD1B49384A0090800C /* Build configuration list for PBXProject "Test" */;
			compatibilityVersion = "Xcode 3.2";
			developmentRegion = English;
			hasScannedForEncodings = 0;
			knownRegions = (
				en,
				Base,
			);
			mainGroup = 047374F91B49384A0090800C;
			productRefGroup = 047375031B49384B0090800C /* Products */;
			projectDirPath = "";
			projectRoot = "";
			targets = (
				047375011B49384B0090800C /* Test */,
				047375161B49384B0090800C /* TestTests */,
			);
		};
/* End PBXProject section */

/* Begin PBXResourcesBuildPhase section */
		047375001B49384B0090800C /* Resources */ = {
			isa = PBXResourcesBuildPhase;
			buildActionMask = 2147483647;
			files = (
				0473750D1B49384B0090800C /* Main.storyboard in Resources */,
				047375121B49384B0090800C /* LaunchScreen.xib in Resources */,
				0473750F1B49384B0090800C /* Images.xcassets in Resources */,
			);
			runOnlyForDeploymentPostprocessing = 0;
		};
		047375151B49384B0090800C /* Resources */ = {
			isa = PBXResourcesBuildPhase;
			buildActionMask = 2147483647;
			files = (
			);
			runOnlyForDeploymentPostprocessing = 0;
		};
/* End PBXResourcesBuildPhase section */

/* Begin PBXSourcesBuildPhase section */
		047374FE1B49384B0090800C /* Sources */ = {
			isa = PBXSourcesBuildPhase;
			buildActionMask = 2147483647;
			files = (
				0473750A1B49384B0090800C /* ViewController.swift in Sources */,
				047375081B49384B0090800C /* AppDelegate.swift in Sources */,
			);
			runOnlyForDeploymentPostprocessing = 0;
		};
		047375131B49384B0090800C /* Sources */ = {
			isa = PBXSourcesBuildPhase;
			buildActionMask = 2147483647;
			files = (
				0473751E1B49384B0090800C /* TestTests.swift in Sources */,
			);
			runOnlyForDeploymentPostprocessing = 0;
		};
/* End PBXSourcesBuildPhase section */

/* Begin PBXTargetDependency section */
		047375191B49384B0090800C /* PBXTargetDependency */ = {
			isa = PBXTargetDependency;
			target = 047375011B49384B0090800C /* Test */;
			targetProxy = 047375181B49384B0090800C /* PBXContainerItemProxy */;
		};
/* End PBXTargetDependency section */

/* Begin PBXVariantGroup section */
		0473750B1B49384B0090800C /* Main.storyboard */ = {
			isa = PBXVariantGroup;
			children = (
				0473750C1B49384B0090800C /* Base */,
			);
			name = Main.storyboard;
			sourceTree = "<group>";
		};
		047375101B49384B0090800C /* LaunchScreen.xib */ = {
			isa = PBXVariantGroup;
			children = (
				047375111B49384B0090800C /* Base */,
			);
			name = LaunchScreen.xib;
			sourceTree = "<group>";
		};
/* End PBXVariantGroup section */

/* Begin XCBuildConfiguration section */
		0473751F1B49384B0090800C /* Debug */ = {
			isa = XCBuildConfiguration;
			buildSettings = {
				ALWAYS_SEARCH_USER_PATHS = NO;
				CLANG_CXX_LANGUAGE_STANDARD = "gnu++0x";
				CLANG_CXX_LIBRARY = "libc++";
				CLANG_ENABLE_MODULES = YES;
				CLANG_ENABLE_OBJC_ARC = YES;
				CLANG_WARN_BOOL_CONVERSION = YES;
				CLANG_WARN_CONSTANT_CONVERSION = YES;
				CLANG_WARN_DIRECT_OBJC_ISA_USAGE = YES_ERROR;
				CLANG_WARN_EMPTY_BODY = YES;
				CLANG_WARN_ENUM_CONVERSION = YES;
				CLANG_WARN_INT_CONVERSION = YES;
				CLANG_WARN_OBJC_ROOT_CLASS = YES_ERROR;
				CLANG_WARN_UNREACHABLE_CODE = YES;
				CLANG_WARN__DUPLICATE_METHOD_MATCH = YES;
				"CODE_SIGN_IDENTITY[sdk=iphoneos*]" = "iPhone Developer";
				COPY_PHASE_STRIP = NO;
				DEBUG_INFORMATION_FORMAT = "dwarf-with-dsym";
				ENABLE_STRICT_OBJC_MSGSEND = YES;
				GCC_C_LANGUAGE_STANDARD = gnu99;
				GCC_DYNAMIC_NO_PIC = NO;
				GCC_NO_COMMON_BLOCKS = YES;
				GCC_OPTIMIZATION_LEVEL = 0;
				GCC_PREPROCESSOR_DEFINITIONS = (
					"DEBUG=1",
					"$(inherited)",
				);
				GCC_SYMBOLS_PRIVATE_EXTERN = NO;
				GCC_WARN_64_TO_32_BIT_CONVERSION = YES;
				GCC_WARN_ABOUT_RETURN_TYPE = YES_ERROR;
				GCC_WARN_UNDECLARED_SELECTOR = YES;
				GCC_WARN_UNINITIALIZED_AUTOS = YES_AGGRESSIVE;
				GCC_WARN_UNUSED_FUNCTION = YES;
				GCC_WARN_UNUSED_VARIABLE = YES;
				IPHONEOS_DEPLOYMENT_TARGET = 8.4;
				MTL_ENABLE_DEBUG_INFO = YES;
				ONLY_ACTIVE_ARCH = YES;
				SDKROOT = iphoneos;
				SWIFT_OPTIMIZATION_LEVEL = "-Onone";
				TARGETED_DEVICE_FAMILY = "1,2";
			};
			name = Debug;
		};
		047375201B49384B0090800C /* Release */ = {
			isa = XCBuildConfiguration;
			buildSettings = {
				ALWAYS_SEARCH_USER_PATHS = NO;
				CLANG_CXX_LANGUAGE_STANDARD = "gnu++0x";
				CLANG_CXX_LIBRARY = "libc++";
				CLANG_ENABLE_MODULES = YES;
				CLANG_ENABLE_OBJC_ARC = YES;
				CLANG_WARN_BOOL_CONVERSION = YES;
				CLANG_WARN_CONSTANT_CONVERSION = YES;
				CLANG_WARN_DIRECT_OBJC_ISA_USAGE = YES_ERROR;
				CLANG_WARN_EMPTY_BODY = YES;
				CLANG_WARN_ENUM_CONVERSION = YES;
				CLANG_WARN_INT_CONVERSION = YES;
				CLANG_WARN_OBJC_ROOT_CLASS = YES_ERROR;
				CLANG_WARN_UNREACHABLE_CODE = YES;
				CLANG_WARN__DUPLICATE_METHOD_MATCH = YES;
				"CODE_SIGN_IDENTITY[sdk=iphoneos*]" = "iPhone Developer";
				COPY_PHASE_STRIP = NO;
				DEBUG_INFORMATION_FORMAT = "dwarf-with-dsym";
				ENABLE_NS_ASSERTIONS = NO;
				ENABLE_STRICT_OBJC_MSGSEND = YES;
				GCC_C_LANGUAGE_STANDARD = gnu99;
				GCC_NO_COMMON_BLOCKS = YES;
				GCC_WARN_64_TO_32_BIT_CONVERSION = YES;
				GCC_WARN_ABOUT_RETURN_TYPE = YES_ERROR;
				GCC_WARN_UNDECLARED_SELECTOR = YES;
				GCC_WARN_UNINITIALIZED_AUTOS = YES_AGGRESSIVE;
				GCC_WARN_UNUSED_FUNCTION = YES;
				GCC_WARN_UNUSED_VARIABLE = YES;
				IPHONEOS_DEPLOYMENT_TARGET = 8.4;
				MTL_ENABLE_DEBUG_INFO = NO;
				SDKROOT = iphoneos;
				TARGETED_DEVICE_FAMILY = "1,2";
				VALIDATE_PRODUCT = YES;
			};
			name = Release;
		};
		047375221B49384B0090800C /* Debug */ = {
			isa = XCBuildConfiguration;
			buildSettings = {
				ASSETCATALOG_COMPILER_APPICON_NAME = AppIcon;
				CODE_SIGN_IDENTITY = "iPhone Developer";
				INFOPLIST_FILE = Test/Info.plist;
				IPHONEOS_DEPLOYMENT_TARGET = 7.0;
				LD_RUNPATH_SEARCH_PATHS = "$(inherited) @executable_path/Frameworks";
				PRODUCT_NAME = "$(TARGET_NAME)";
			};
			name = Debug;
		};
		047375231B49384B0090800C /* Release */ = {
			isa = XCBuildConfiguration;
			buildSettings = {
				ASSETCATALOG_COMPILER_APPICON_NAME = AppIcon;
				CODE_SIGN_IDENTITY = "iPhone Developer";
				INFOPLIST_FILE = Test/Info.plist;
				IPHONEOS_DEPLOYMENT_TARGET = 7.0;
				LD_RUNPATH_SEARCH_PATHS = "$(inherited) @executable_path/Frameworks";
				PRODUCT_NAME = "$(TARGET_NAME)";
			};
			name = Release;
		};
		047375251B49384B0090800C /* Debug */ = {
			isa = XCBuildConfiguration;
			buildSettings = {
				BUNDLE_LOADER = "$(TEST_HOST)";
				FRAMEWORK_SEARCH_PATHS = (
					"$(SDKROOT)/Developer/Library/Frameworks",
					"$(inherited)",
				);
				GCC_PREPROCESSOR_DEFINITIONS = (
					"DEBUG=1",
					"$(inherited)",
				);
				INFOPLIST_FILE = TestTests/Info.plist;
				LD_RUNPATH_SEARCH_PATHS = "$(inherited) @executable_path/Frameworks @loader_path/Frameworks";
				PRODUCT_NAME = "$(TARGET_NAME)";
				TEST_HOST = "$(BUILT_PRODUCTS_DIR)/Test.app/Test";
			};
			name = Debug;
		};
		047375261B49384B0090800C /* Release */ = {
			isa = XCBuildConfiguration;
			buildSettings = {
				BUNDLE_LOADER = "$(TEST_HOST)";
				FRAMEWORK_SEARCH_PATHS = (
					"$(SDKROOT)/Developer/Library/Frameworks",
					"$(inherited)",
				);
				INFOPLIST_FILE = TestTests/Info.plist;
				LD_RUNPATH_SEARCH_PATHS = "$(inherited) @executable_path/Frameworks @loader_path/Frameworks";
				PRODUCT_NAME = "$(TARGET_NAME)";
				TEST_HOST = "$(BUILT_PRODUCTS_DIR)/Test.app/Test";
			};
			name = Release;
		};
/* End XCBuildConfiguration section */

/* Begin XCConfigurationList section */
		047374FD1B49384A0090800C /* Build configuration list for PBXProject "Test" */ = {
			isa = XCConfigurationList;
			buildConfigurations = (
				0473751F1B49384B0090800C /* Debug */,
				047375201B49384B0090800C /* Release */,
			);
			defaultConfigurationIsVisible = 0;
			defaultConfigurationName = Release;
		};
		047375211B49384B0090800C /* Build configuration list for PBXNativeTarget "Test" */ = {
			isa = XCConfigurationList;
			buildConfigurations = (
				047375221B49384B0090800C /* Debug */,
				047375231B49384B0090800C /* Release */,
			);
			defaultConfigurationIsVisible = 0;
		};
		047375241B49384B0090800C /* Build configuration list for PBXNativeTarget "TestTests" */ = {
			isa = XCConfigurationList;
			buildConfigurations = (
				047375251B49384B0090800C /* Debug */,
				047375261B49384B0090800C /* Release */,
			);
			defaultConfigurationIsVisible = 0;
		};
/* End XCConfigurationList section */
	};
	rootObject = 047374FA1B49384A0090800C /* Project object */;
}
